
Microsoft Visual Studio Solution File, Format Version 12.00
# Visual Studio 15
VisualStudioVersion = 15.0.27130.2036
MinimumVisualStudioVersion = 10.0.40219.1
Project("{FAE04EC0-301F-11D3-BF4B-00C04F79EFBC}") = "VtpGameApi", "VtpGameApi\VtpGameApi.csproj", "{3F37E1D2-0A32-44FD-8FEE-84E6CA244435}"
EndProject
Global
	GlobalSection(SolutionConfigurationPlatforms) = preSolution
		Debug|Any CPU = Debug|Any CPU
		Release|Any CPU = Release|Any CPU
	EndGlobalSection
	GlobalSection(ProjectConfigurationPlatforms) = postSolution
		{3F37E1D2-0A32-44FD-8FEE-84E6CA244435}.Debug|Any CPU.ActiveCfg = Debug|Any CPU
		{3F37E1D2-0A32-44FD-8FEE-84E6CA244435}.Debug|Any CPU.Build.0 = Debug|Any CPU
		{3F37E1D2-0A32-44FD-8FEE-84E6CA244435}.Release|Any CPU.ActiveCfg = Release|Any CPU
		{3F37E1D2-0A32-44FD-8FEE-84E6CA244435}.Release|Any CPU.Build.0 = Release|Any CPU
	EndGlobalSection
	GlobalSection(SolutionProperties) = preSolution
		HideSolutionNode = FALSE
	EndGlobalSection
	GlobalSection(ExtensibilityGlobals) = postSolution
		SolutionGuid = {27304CCF-EEA7-44E4-9B55-4E2DBE53EC82}
	EndGlobalSection
EndGlobal
